
Microsoft Visual Studio Solution File, Format Version 12.00
# Visual Studio Version 17
VisualStudioVersion = 17.11.35312.102
MinimumVisualStudioVersion = 10.0.40219.1
Project("{FAE04EC0-301F-11D3-BF4B-00C04F79EFBC}") = "ITE_Project", "ITE_Project.csproj", "{BA855F82-F86A-42E4-B86F-0D0C5807B5A9}"
EndProject
Global
	GlobalSection(SolutionConfigurationPlatforms) = preSolution
		Debug|Any CPU = Debug|Any CPU
		Release|Any CPU = Release|Any CPU
	EndGlobalSection
	GlobalSection(ProjectConfigurationPlatforms) = postSolution
		{BA855F82-F86A-42E4-B86F-0D0C5807B5A9}.Debug|Any CPU.ActiveCfg = Debug|Any CPU
		{BA855F82-F86A-42E4-B86F-0D0C5807B5A9}.Debug|Any CPU.Build.0 = Debug|Any CPU
		{BA855F82-F86A-42E4-B86F-0D0C5807B5A9}.Release|Any CPU.ActiveCfg = Release|Any CPU
		{BA855F82-F86A-42E4-B86F-0D0C5807B5A9}.Release|Any CPU.Build.0 = Release|Any CPU
	EndGlobalSection
	GlobalSection(SolutionProperties) = preSolution
		HideSolutionNode = FALSE
	EndGlobalSection
	GlobalSection(ExtensibilityGlobals) = postSolution
		SolutionGuid = {AF3ED2F5-8265-43E3-ABC3-FAA6F54391B9}
	EndGlobalSection
EndGlobal
